
Microsoft Visual Studio Solution File, Format Version 12.00
# Visual Studio Version 17
VisualStudioVersion = 17.14.36623.8
MinimumVisualStudioVersion = 10.0.40219.1
Project("{9A19103F-16F7-4668-BE54-9A1E7A4F7556}") = "GruppoGo.UI", "GruppoGo.UI\GruppoGo.UI.csproj", "{D9EFE8B3-5959-4E16-B174-239FA106E2FB}"
EndProject
Project("{9A19103F-16F7-4668-BE54-9A1E7A4F7556}") = "GruppoGo.API", "GruppoGo.API\GruppoGo.API.csproj", "{5758B743-A89C-4663-9D25-EA555E4C2817}"
EndProject
Project("{9A19103F-16F7-4668-BE54-9A1E7A4F7556}") = "GruppoGo.Features", "GruppoGo.Features\GruppoGo.Features.csproj", "{5217FD65-ABC3-4F0A-BB1B-97DD4170CDEB}"
EndProject
Project("{9A19103F-16F7-4668-BE54-9A1E7A4F7556}") = "GruppoGo.Domain", "GruppoGo.Domain\GruppoGo.Domain.csproj", "{C310D071-A622-4B73-983C-A13A8E3532C4}"
EndProject
Project("{9A19103F-16F7-4668-BE54-9A1E7A4F7556}") = "GruppoGo.Common", "GruppoGo.Common\GruppoGo.Common.csproj", "{F5E29441-D162-4096-94EF-BE12226E5F68}"
EndProject
Project("{9A19103F-16F7-4668-BE54-9A1E7A4F7556}") = "GruppoGo.Infrastructure", "GruppoGo.Infrastructure\GruppoGo.Infrastructure.csproj", "{2F00B58C-AF38-4B32-B3AA-D45868B94CA1}"
EndProject
Project("{2150E333-8FDC-42A3-9474-1A3956D46DE8}") = "Solution Items", "Solution Items", "{02EA681E-C7D8-13C7-8484-4AC65E1B71E8}"
	ProjectSection(SolutionItems) = preProject
		.editorconfig = .editorconfig
	EndProjectSection
EndProject
Global
	GlobalSection(SolutionConfigurationPlatforms) = preSolution
		Debug|Any CPU = Debug|Any CPU
		Release|Any CPU = Release|Any CPU
	EndGlobalSection
	GlobalSection(ProjectConfigurationPlatforms) = postSolution
		{D9EFE8B3-5959-4E16-B174-239FA106E2FB}.Debug|Any CPU.ActiveCfg = Debug|Any CPU
		{D9EFE8B3-5959-4E16-B174-239FA106E2FB}.Debug|Any CPU.Build.0 = Debug|Any CPU
		{D9EFE8B3-5959-4E16-B174-239FA106E2FB}.Release|Any CPU.ActiveCfg = Release|Any CPU
		{D9EFE8B3-5959-4E16-B174-239FA106E2FB}.Release|Any CPU.Build.0 = Release|Any CPU
		{5758B743-A89C-4663-9D25-EA555E4C2817}.Debug|Any CPU.ActiveCfg = Debug|Any CPU
		{5758B743-A89C-4663-9D25-EA555E4C2817}.Debug|Any CPU.Build.0 = Debug|Any CPU
		{5758B743-A89C-4663-9D25-EA555E4C2817}.Release|Any CPU.ActiveCfg = Release|Any CPU
		{5758B743-A89C-4663-9D25-EA555E4C2817}.Release|Any CPU.Build.0 = Release|Any CPU
		{5217FD65-ABC3-4F0A-BB1B-97DD4170CDEB}.Debug|Any CPU.ActiveCfg = Debug|Any CPU
		{5217FD65-ABC3-4F0A-BB1B-97DD4170CDEB}.Debug|Any CPU.Build.0 = Debug|Any CPU
		{5217FD65-ABC3-4F0A-BB1B-97DD4170CDEB}.Release|Any CPU.ActiveCfg = Release|Any CPU
		{5217FD65-ABC3-4F0A-BB1B-97DD4170CDEB}.Release|Any CPU.Build.0 = Release|Any CPU
		{C310D071-A622-4B73-983C-A13A8E3532C4}.Debug|Any CPU.ActiveCfg = Debug|Any CPU
		{C310D071-A622-4B73-983C-A13A8E3532C4}.Debug|Any CPU.Build.0 = Debug|Any CPU
		{C310D071-A622-4B73-983C-A13A8E3532C4}.Release|Any CPU.ActiveCfg = Release|Any CPU
		{C310D071-A622-4B73-983C-A13A8E3532C4}.Release|Any CPU.Build.0 = Release|Any CPU
		{F5E29441-D162-4096-94EF-BE12226E5F68}.Debug|Any CPU.ActiveCfg = Debug|Any CPU
		{F5E29441-D162-4096-94EF-BE12226E5F68}.Debug|Any CPU.Build.0 = Debug|Any CPU
		{F5E29441-D162-4096-94EF-BE12226E5F68}.Release|Any CPU.ActiveCfg = Release|Any CPU
		{F5E29441-D162-4096-94EF-BE12226E5F68}.Release|Any CPU.Build.0 = Release|Any CPU
		{2F00B58C-AF38-4B32-B3AA-D45868B94CA1}.Debug|Any CPU.ActiveCfg = Debug|Any CPU
		{2F00B58C-AF38-4B32-B3AA-D45868B94CA1}.Debug|Any CPU.Build.0 = Debug|Any CPU
		{2F00B58C-AF38-4B32-B3AA-D45868B94CA1}.Release|Any CPU.ActiveCfg = Release|Any CPU
		{2F00B58C-AF38-4B32-B3AA-D45868B94CA1}.Release|Any CPU.Build.0 = Release|Any CPU
	EndGlobalSection
	GlobalSection(SolutionProperties) = preSolution
		HideSolutionNode = FALSE
	EndGlobalSection
	GlobalSection(ExtensibilityGlobals) = postSolution
		SolutionGuid = {85AFC260-7D1C-4134-9D01-F408A818CD4E}
	EndGlobalSection
EndGlobal
